
Microsoft Visual Studio Solution File, Format Version 12.00
# Visual Studio 15
VisualStudioVersion = 15.0.28307.757
MinimumVisualStudioVersion = 10.0.40219.1
Project("{FAE04EC0-301F-11D3-BF4B-00C04F79EFBC}") = "GoogleTranslateWinForms", "GoogleTranslateWinForms\GoogleTranslateWinForms.csproj", "{44B98491-6E9D-46D7-AC2A-5F9A83CD2C85}"
EndProject
Project("{FAE04EC0-301F-11D3-BF4B-00C04F79EFBC}") = "GoogleTranslateConsole", "GoogleTranslateConsole\GoogleTranslateConsole.csproj", "{626FBFF2-C213-4779-B50B-1E2D6E183FF0}"
EndProject
Project("{2150E333-8FDC-42A3-9474-1A3956D46DE8}") = "LIB", "LIB", "{62751906-7ED3-4030-92D5-8B6DB1FC4A42}"
	ProjectSection(SolutionItems) = preProject
		GoogleTranslateWinForms\lib\awesomium_1_7_5_1_sdk_win.exe = GoogleTranslateWinForms\lib\awesomium_1_7_5_1_sdk_win.exe
	EndProjectSection
EndProject
Project("{FAE04EC0-301F-11D3-BF4B-00C04F79EFBC}") = "Translator", "Translator\Translator.csproj", "{F7CC8D4B-9624-43FC-8526-399E8960CAC5}"
EndProject
Global
	GlobalSection(SolutionConfigurationPlatforms) = preSolution
		Debug|Any CPU = Debug|Any CPU
		Release|Any CPU = Release|Any CPU
	EndGlobalSection
	GlobalSection(ProjectConfigurationPlatforms) = postSolution
		{44B98491-6E9D-46D7-AC2A-5F9A83CD2C85}.Debug|Any CPU.ActiveCfg = Debug|Any CPU
		{44B98491-6E9D-46D7-AC2A-5F9A83CD2C85}.Debug|Any CPU.Build.0 = Debug|Any CPU
		{44B98491-6E9D-46D7-AC2A-5F9A83CD2C85}.Release|Any CPU.ActiveCfg = Release|Any CPU
		{44B98491-6E9D-46D7-AC2A-5F9A83CD2C85}.Release|Any CPU.Build.0 = Release|Any CPU
		{626FBFF2-C213-4779-B50B-1E2D6E183FF0}.Debug|Any CPU.ActiveCfg = Debug|Any CPU
		{626FBFF2-C213-4779-B50B-1E2D6E183FF0}.Debug|Any CPU.Build.0 = Debug|Any CPU
		{626FBFF2-C213-4779-B50B-1E2D6E183FF0}.Release|Any CPU.ActiveCfg = Release|Any CPU
		{626FBFF2-C213-4779-B50B-1E2D6E183FF0}.Release|Any CPU.Build.0 = Release|Any CPU
		{F7CC8D4B-9624-43FC-8526-399E8960CAC5}.Debug|Any CPU.ActiveCfg = Debug|Any CPU
		{F7CC8D4B-9624-43FC-8526-399E8960CAC5}.Debug|Any CPU.Build.0 = Debug|Any CPU
		{F7CC8D4B-9624-43FC-8526-399E8960CAC5}.Release|Any CPU.ActiveCfg = Release|Any CPU
		{F7CC8D4B-9624-43FC-8526-399E8960CAC5}.Release|Any CPU.Build.0 = Release|Any CPU
	EndGlobalSection
	GlobalSection(SolutionProperties) = preSolution
		HideSolutionNode = FALSE
	EndGlobalSection
	GlobalSection(ExtensibilityGlobals) = postSolution
		SolutionGuid = {803AABCF-01F3-4126-AE44-2485F5DEAC3A}
	EndGlobalSection
EndGlobal
